
Microsoft Visual Studio Solution File, Format Version 12.00
# Visual Studio Version 17
VisualStudioVersion = 17.2.32519.379
MinimumVisualStudioVersion = 10.0.40219.1
Project("{FAE04EC0-301F-11D3-BF4B-00C04F79EFBC}") = "UserManagement", "UserManagement\UserManagement.csproj", "{D10A93A1-4BB0-4511-9F75-98D28837A74D}"
EndProject
Global
	GlobalSection(SolutionConfigurationPlatforms) = preSolution
		Debug|Any CPU = Debug|Any CPU
		Release|Any CPU = Release|Any CPU
	EndGlobalSection
	GlobalSection(ProjectConfigurationPlatforms) = postSolution
		{D10A93A1-4BB0-4511-9F75-98D28837A74D}.Debug|Any CPU.ActiveCfg = Debug|Any CPU
		{D10A93A1-4BB0-4511-9F75-98D28837A74D}.Debug|Any CPU.Build.0 = Debug|Any CPU
		{D10A93A1-4BB0-4511-9F75-98D28837A74D}.Release|Any CPU.ActiveCfg = Release|Any CPU
		{D10A93A1-4BB0-4511-9F75-98D28837A74D}.Release|Any CPU.Build.0 = Release|Any CPU
	EndGlobalSection
	GlobalSection(SolutionProperties) = preSolution
		HideSolutionNode = FALSE
	EndGlobalSection
	GlobalSection(ExtensibilityGlobals) = postSolution
		SolutionGuid = {16E4E798-6FFA-474E-954C-7AC26EA2ABE5}
	EndGlobalSection
EndGlobal
